
Microsoft Visual Studio Solution File, Format Version 12.00
# Visual Studio Version 17
VisualStudioVersion = 17.11.35312.102
MinimumVisualStudioVersion = 10.0.40219.1
Project("{FAE04EC0-301F-11D3-BF4B-00C04F79EFBC}") = "FeatureRecognitionAPI", "FeatureRecognitionAPI\FeatureRecognitionAPI.csproj", "{F34E0D31-FFB7-4244-9A1B-11CE168C7582}"
EndProject
Global
	GlobalSection(SolutionConfigurationPlatforms) = preSolution
		Debug|Any CPU = Debug|Any CPU
		Release|Any CPU = Release|Any CPU
	EndGlobalSection
	GlobalSection(ProjectConfigurationPlatforms) = postSolution
		{F34E0D31-FFB7-4244-9A1B-11CE168C7582}.Debug|Any CPU.ActiveCfg = Debug|Any CPU
		{F34E0D31-FFB7-4244-9A1B-11CE168C7582}.Debug|Any CPU.Build.0 = Debug|Any CPU
		{F34E0D31-FFB7-4244-9A1B-11CE168C7582}.Release|Any CPU.ActiveCfg = Release|Any CPU
		{F34E0D31-FFB7-4244-9A1B-11CE168C7582}.Release|Any CPU.Build.0 = Release|Any CPU
	EndGlobalSection
	GlobalSection(SolutionProperties) = preSolution
		HideSolutionNode = FALSE
	EndGlobalSection
	GlobalSection(ExtensibilityGlobals) = postSolution
		SolutionGuid = {6193E041-5372-43DE-931C-D7042E07A556}
	EndGlobalSection
EndGlobal
